
Microsoft Visual Studio Solution File, Format Version 12.00
# Visual Studio 15
VisualStudioVersion = 15.0.28010.2046
MinimumVisualStudioVersion = 10.0.40219.1
Project("{DA7A21FA-8162-4350-AD77-A8D1B671F3ED}") = "Wines", "Wines\Wines.rxproj", "{2BC1FB41-7C6A-4D77-9FBA-3F7EEDB80A95}"
EndProject
Global
	GlobalSection(SolutionConfigurationPlatforms) = preSolution
		Debug|Any CPU = Debug|Any CPU
		Release|Any CPU = Release|Any CPU
	EndGlobalSection
	GlobalSection(ProjectConfigurationPlatforms) = postSolution
		{2BC1FB41-7C6A-4D77-9FBA-3F7EEDB80A95}.Debug|Any CPU.ActiveCfg = Debug|Any CPU
		{2BC1FB41-7C6A-4D77-9FBA-3F7EEDB80A95}.Debug|Any CPU.Build.0 = Debug|Any CPU
		{2BC1FB41-7C6A-4D77-9FBA-3F7EEDB80A95}.Release|Any CPU.ActiveCfg = Release|Any CPU
		{2BC1FB41-7C6A-4D77-9FBA-3F7EEDB80A95}.Release|Any CPU.Build.0 = Release|Any CPU
	EndGlobalSection
	GlobalSection(SolutionProperties) = preSolution
		HideSolutionNode = FALSE
	EndGlobalSection
	GlobalSection(ExtensibilityGlobals) = postSolution
		SolutionGuid = {275B9A62-81E8-41AE-9B4E-F0F0AA326E56}
	EndGlobalSection
EndGlobal
